
Microsoft Visual Studio Solution File, Format Version 12.00
# Visual Studio Version 16
VisualStudioVersion = 16.0.31729.503
MinimumVisualStudioVersion = 10.0.40219.1
Project("{FAE04EC0-301F-11D3-BF4B-00C04F79EFBC}") = "Blue Screen meh", "Blue Screen meh\Blue Screen meh.csproj", "{C741993C-E44D-444C-B77E-22A13553CC3A}"
EndProject
Global
	GlobalSection(SolutionConfigurationPlatforms) = preSolution
		Debug|Any CPU = Debug|Any CPU
		Release|Any CPU = Release|Any CPU
	EndGlobalSection
	GlobalSection(ProjectConfigurationPlatforms) = postSolution
		{C741993C-E44D-444C-B77E-22A13553CC3A}.Debug|Any CPU.ActiveCfg = Debug|Any CPU
		{C741993C-E44D-444C-B77E-22A13553CC3A}.Debug|Any CPU.Build.0 = Debug|Any CPU
		{C741993C-E44D-444C-B77E-22A13553CC3A}.Release|Any CPU.ActiveCfg = Release|Any CPU
		{C741993C-E44D-444C-B77E-22A13553CC3A}.Release|Any CPU.Build.0 = Release|Any CPU
	EndGlobalSection
	GlobalSection(SolutionProperties) = preSolution
		HideSolutionNode = FALSE
	EndGlobalSection
	GlobalSection(ExtensibilityGlobals) = postSolution
		SolutionGuid = {D2AB550F-E3DE-44E5-9ECF-6014E8753D89}
	EndGlobalSection
EndGlobal
